// !$*UTF8*$!
{
	archiveVersion = 1;
	classes = {
	};
	objectVersion = 46;
	objects = {

/* Begin PBXBuildFile section */
		7AFFD03D1D58D23B009E8CB2 /* AppDelegate.swift in Sources */ = {isa = PBXBuildFile; fileRef = 7AFFD03C1D58D23B009E8CB2 /* AppDelegate.swift */; };
		7AFFD0421D58D23B009E8CB2 /* Main.storyboard in Resources */ = {isa = PBXBuildFile; fileRef = 7AFFD0401D58D23B009E8CB2 /* Main.storyboard */; };
		7AFFD0441D58D23B009E8CB2 /* Assets.xcassets in Resources */ = {isa = PBXBuildFile; fileRef = 7AFFD0431D58D23B009E8CB2 /* Assets.xcassets */; };
		7AFFD0471D58D23B009E8CB2 /* LaunchScreen.storyboard in Resources */ = {isa = PBXBuildFile; fileRef = 7AFFD0451D58D23B009E8CB2 /* LaunchScreen.storyboard */; };
		7AFFD0521D58D23B009E8CB2 /* ParallaxTabViewTests.swift in Sources */ = {isa = PBXBuildFile; fileRef = 7AFFD0511D58D23B009E8CB2 /* ParallaxTabViewTests.swift */; };
		7AFFD05F1D58D3DC009E8CB2 /* ViewController.swift in Sources */ = {isa = PBXBuildFile; fileRef = 7AFFD05D1D58D3DC009E8CB2 /* ViewController.swift */; };
		7AFFD0751D591904009E8CB2 /* ParallaxHeaderController.swift in Sources */ = {isa = PBXBuildFile; fileRef = 7AFFD0701D591904009E8CB2 /* ParallaxHeaderController.swift */; };
		7AFFD0761D591904009E8CB2 /* ParallaxScrollView.swift in Sources */ = {isa = PBXBuildFile; fileRef = 7AFFD0711D591904009E8CB2 /* ParallaxScrollView.swift */; };
		7AFFD0771D591904009E8CB2 /* ParallaxView.swift in Sources */ = {isa = PBXBuildFile; fileRef = 7AFFD0721D591904009E8CB2 /* ParallaxView.swift */; };
		7AFFD0781D591904009E8CB2 /* README.md in Sources */ = {isa = PBXBuildFile; fileRef = 7AFFD0731D591904009E8CB2 /* README.md */; };
		7AFFD0791D591904009E8CB2 /* ScrollViewDelegateForwarder.swift in Sources */ = {isa = PBXBuildFile; fileRef = 7AFFD0741D591904009E8CB2 /* ScrollViewDelegateForwarder.swift */; };
/* End PBXBuildFile section */

/* Begin PBXContainerItemProxy section */
		7AFFD04E1D58D23B009E8CB2 /* PBXContainerItemProxy */ = {
			isa = PBXContainerItemProxy;
			containerPortal = 7AFFD0311D58D23B009E8CB2 /* Project object */;
			proxyType = 1;
			remoteGlobalIDString = 7AFFD0381D58D23B009E8CB2;
			remoteInfo = ParallaxTabView;
		};
/* End PBXContainerItemProxy section */

/* Begin PBXFileReference section */
		7AFFD0391D58D23B009E8CB2 /* ParallaxTabView.app */ = {isa = PBXFileReference; explicitFileType = wrapper.application; includeInIndex = 0; path = ParallaxTabView.app; sourceTree = BUILT_PRODUCTS_DIR; };
		7AFFD03C1D58D23B009E8CB2 /* AppDelegate.swift */ = {isa = PBXFileReference; lastKnownFileType = sourcecode.swift; path = AppDelegate.swift; sourceTree = "<group>"; };
		7AFFD0411D58D23B009E8CB2 /* Base */ = {isa = PBXFileReference; lastKnownFileType = file.storyboard; name = Base; path = Base.lproj/Main.storyboard; sourceTree = "<group>"; };
		7AFFD0431D58D23B009E8CB2 /* Assets.xcassets */ = {isa = PBXFileReference; lastKnownFileType = folder.assetcatalog; path = Assets.xcassets; sourceTree = "<group>"; };
		7AFFD0461D58D23B009E8CB2 /* Base */ = {isa = PBXFileReference; lastKnownFileType = file.storyboard; name = Base; path = Base.lproj/LaunchScreen.storyboard; sourceTree = "<group>"; };
		7AFFD0481D58D23B009E8CB2 /* Info.plist */ = {isa = PBXFileReference; lastKnownFileType = text.plist.xml; path = Info.plist; sourceTree = "<group>"; };
		7AFFD04D1D58D23B009E8CB2 /* ParallaxTabViewTests.xctest */ = {isa = PBXFileReference; explicitFileType = wrapper.cfbundle; includeInIndex = 0; path = ParallaxTabViewTests.xctest; sourceTree = BUILT_PRODUCTS_DIR; };
		7AFFD0511D58D23B009E8CB2 /* ParallaxTabViewTests.swift */ = {isa = PBXFileReference; lastKnownFileType = sourcecode.swift; path = ParallaxTabViewTests.swift; sourceTree = "<group>"; };
		7AFFD0531D58D23B009E8CB2 /* Info.plist */ = {isa = PBXFileReference; lastKnownFileType = text.plist.xml; path = Info.plist; sourceTree = "<group>"; };
		7AFFD05D1D58D3DC009E8CB2 /* ViewController.swift */ = {isa = PBXFileReference; fileEncoding = 4; lastKnownFileType = sourcecode.swift; path = ViewController.swift; sourceTree = "<group>"; };
		7AFFD0701D591904009E8CB2 /* ParallaxHeaderController.swift */ = {isa = PBXFileReference; fileEncoding = 4; lastKnownFileType = sourcecode.swift; path = ParallaxHeaderController.swift; sourceTree = "<group>"; };
		7AFFD0711D591904009E8CB2 /* ParallaxScrollView.swift */ = {isa = PBXFileReference; fileEncoding = 4; lastKnownFileType = sourcecode.swift; path = ParallaxScrollView.swift; sourceTree = "<group>"; };
		7AFFD0721D591904009E8CB2 /* ParallaxView.swift */ = {isa = PBXFileReference; fileEncoding = 4; lastKnownFileType = sourcecode.swift; path = ParallaxView.swift; sourceTree = "<group>"; };
		7AFFD0731D591904009E8CB2 /* README.md */ = {isa = PBXFileReference; fileEncoding = 4; lastKnownFileType = net.daringfireball.markdown; path = README.md; sourceTree = "<group>"; };
		7AFFD0741D591904009E8CB2 /* ScrollViewDelegateForwarder.swift */ = {isa = PBXFileReference; fileEncoding = 4; lastKnownFileType = sourcecode.swift; path = ScrollViewDelegateForwarder.swift; sourceTree = "<group>"; };
/* End PBXFileReference section */

/* Begin PBXFrameworksBuildPhase section */
		7AFFD0361D58D23B009E8CB2 /* Frameworks */ = {
			isa = PBXFrameworksBuildPhase;
			buildActionMask = 2147483647;
			files = (
			);
			runOnlyForDeploymentPostprocessing = 0;
		};
		7AFFD04A1D58D23B009E8CB2 /* Frameworks */ = {
			isa = PBXFrameworksBuildPhase;
			buildActionMask = 2147483647;
			files = (
			);
			runOnlyForDeploymentPostprocessing = 0;
		};
/* End PBXFrameworksBuildPhase section */

/* Begin PBXGroup section */
		7AFFD0301D58D23B009E8CB2 = {
			isa = PBXGroup;
			children = (
				7AFFD03B1D58D23B009E8CB2 /* ParallaxTabView */,
				7AFFD0501D58D23B009E8CB2 /* ParallaxTabViewTests */,
				7AFFD03A1D58D23B009E8CB2 /* Products */,
			);
			sourceTree = "<group>";
		};
		7AFFD03A1D58D23B009E8CB2 /* Products */ = {
			isa = PBXGroup;
			children = (
				7AFFD0391D58D23B009E8CB2 /* ParallaxTabView.app */,
				7AFFD04D1D58D23B009E8CB2 /* ParallaxTabViewTests.xctest */,
			);
			name = Products;
			sourceTree = "<group>";
		};
		7AFFD03B1D58D23B009E8CB2 /* ParallaxTabView */ = {
			isa = PBXGroup;
			children = (
				7AFFD06F1D591904009E8CB2 /* ParallaxScrollView */,
				7AFFD05D1D58D3DC009E8CB2 /* ViewController.swift */,
				7AFFD03C1D58D23B009E8CB2 /* AppDelegate.swift */,
				7AFFD0401D58D23B009E8CB2 /* Main.storyboard */,
				7AFFD0431D58D23B009E8CB2 /* Assets.xcassets */,
				7AFFD0451D58D23B009E8CB2 /* LaunchScreen.storyboard */,
				7AFFD0481D58D23B009E8CB2 /* Info.plist */,
			);
			path = ParallaxTabView;
			sourceTree = "<group>";
		};
		7AFFD0501D58D23B009E8CB2 /* ParallaxTabViewTests */ = {
			isa = PBXGroup;
			children = (
				7AFFD0511D58D23B009E8CB2 /* ParallaxTabViewTests.swift */,
				7AFFD0531D58D23B009E8CB2 /* Info.plist */,
			);
			path = ParallaxTabViewTests;
			sourceTree = "<group>";
		};
		7AFFD06F1D591904009E8CB2 /* ParallaxScrollView */ = {
			isa = PBXGroup;
			children = (
				7AFFD0701D591904009E8CB2 /* ParallaxHeaderController.swift */,
				7AFFD0711D591904009E8CB2 /* ParallaxScrollView.swift */,
				7AFFD0721D591904009E8CB2 /* ParallaxView.swift */,
				7AFFD0731D591904009E8CB2 /* README.md */,
				7AFFD0741D591904009E8CB2 /* ScrollViewDelegateForwarder.swift */,
			);
			path = ParallaxScrollView;
			sourceTree = "<group>";
		};
/* End PBXGroup section */

/* Begin PBXNativeTarget section */
		7AFFD0381D58D23B009E8CB2 /* ParallaxTabView */ = {
			isa = PBXNativeTarget;
			buildConfigurationList = 7AFFD0561D58D23B009E8CB2 /* Build configuration list for PBXNativeTarget "ParallaxTabView" */;
			buildPhases = (
				7AFFD0351D58D23B009E8CB2 /* Sources */,
				7AFFD0361D58D23B009E8CB2 /* Frameworks */,
				7AFFD0371D58D23B009E8CB2 /* Resources */,
			);
			buildRules = (
			);
			dependencies = (
			);
			name = ParallaxTabView;
			productName = ParallaxTabView;
			productReference = 7AFFD0391D58D23B009E8CB2 /* ParallaxTabView.app */;
			productType = "com.apple.product-type.application";
		};
		7AFFD04C1D58D23B009E8CB2 /* ParallaxTabViewTests */ = {
			isa = PBXNativeTarget;
			buildConfigurationList = 7AFFD0591D58D23B009E8CB2 /* Build configuration list for PBXNativeTarget "ParallaxTabViewTests" */;
			buildPhases = (
				7AFFD0491D58D23B009E8CB2 /* Sources */,
				7AFFD04A1D58D23B009E8CB2 /* Frameworks */,
				7AFFD04B1D58D23B009E8CB2 /* Resources */,
			);
			buildRules = (
			);
			dependencies = (
				7AFFD04F1D58D23B009E8CB2 /* PBXTargetDependency */,
			);
			name = ParallaxTabViewTests;
			productName = ParallaxTabViewTests;
			productReference = 7AFFD04D1D58D23B009E8CB2 /* ParallaxTabViewTests.xctest */;
			productType = "com.apple.product-type.bundle.unit-test";
		};
/* End PBXNativeTarget section */

/* Begin PBXProject section */
		7AFFD0311D58D23B009E8CB2 /* Project object */ = {
			isa = PBXProject;
			attributes = {
				LastSwiftUpdateCheck = 0730;
				LastUpgradeCheck = 0730;
				ORGANIZATIONNAME = "Cory Wilhite";
				TargetAttributes = {
					7AFFD0381D58D23B009E8CB2 = {
						CreatedOnToolsVersion = 7.3.1;
					};
					7AFFD04C1D58D23B009E8CB2 = {
						CreatedOnToolsVersion = 7.3.1;
						TestTargetID = 7AFFD0381D58D23B009E8CB2;
					};
				};
			};
			buildConfigurationList = 7AFFD0341D58D23B009E8CB2 /* Build configuration list for PBXProject "ParallaxTabView" */;
			compatibilityVersion = "Xcode 3.2";
			developmentRegion = English;
			hasScannedForEncodings = 0;
			knownRegions = (
				en,
				Base,
			);
			mainGroup = 7AFFD0301D58D23B009E8CB2;
			productRefGroup = 7AFFD03A1D58D23B009E8CB2 /* Products */;
			projectDirPath = "";
			projectRoot = "";
			targets = (
				7AFFD0381D58D23B009E8CB2 /* ParallaxTabView */,
				7AFFD04C1D58D23B009E8CB2 /* ParallaxTabViewTests */,
			);
		};
/* End PBXProject section */

/* Begin PBXResourcesBuildPhase section */
		7AFFD0371D58D23B009E8CB2 /* Resources */ = {
			isa = PBXResourcesBuildPhase;
			buildActionMask = 2147483647;
			files = (
				7AFFD0471D58D23B009E8CB2 /* LaunchScreen.storyboard in Resources */,
				7AFFD0441D58D23B009E8CB2 /* Assets.xcassets in Resources */,
				7AFFD0421D58D23B009E8CB2 /* Main.storyboard in Resources */,
			);
			runOnlyForDeploymentPostprocessing = 0;
		};
		7AFFD04B1D58D23B009E8CB2 /* Resources */ = {
			isa = PBXResourcesBuildPhase;
			buildActionMask = 2147483647;
			files = (
			);
			runOnlyForDeploymentPostprocessing = 0;
		};
/* End PBXResourcesBuildPhase section */

/* Begin PBXSourcesBuildPhase section */
		7AFFD0351D58D23B009E8CB2 /* Sources */ = {
			isa = PBXSourcesBuildPhase;
			buildActionMask = 2147483647;
			files = (
				7AFFD0781D591904009E8CB2 /* README.md in Sources */,
				7AFFD05F1D58D3DC009E8CB2 /* ViewController.swift in Sources */,
				7AFFD0791D591904009E8CB2 /* ScrollViewDelegateForwarder.swift in Sources */,
				7AFFD0771D591904009E8CB2 /* ParallaxView.swift in Sources */,
				7AFFD0751D591904009E8CB2 /* ParallaxHeaderController.swift in Sources */,
				7AFFD0761D591904009E8CB2 /* ParallaxScrollView.swift in Sources */,
				7AFFD03D1D58D23B009E8CB2 /* AppDelegate.swift in Sources */,
			);
			runOnlyForDeploymentPostprocessing = 0;
		};
		7AFFD0491D58D23B009E8CB2 /* Sources */ = {
			isa = PBXSourcesBuildPhase;
			buildActionMask = 2147483647;
			files = (
				7AFFD0521D58D23B009E8CB2 /* ParallaxTabViewTests.swift in Sources */,
			);
			runOnlyForDeploymentPostprocessing = 0;
		};
/* End PBXSourcesBuildPhase section */

/* Begin PBXTargetDependency section */
		7AFFD04F1D58D23B009E8CB2 /* PBXTargetDependency */ = {
			isa = PBXTargetDependency;
			target = 7AFFD0381D58D23B009E8CB2 /* ParallaxTabView */;
			targetProxy = 7AFFD04E1D58D23B009E8CB2 /* PBXContainerItemProxy */;
		};
/* End PBXTargetDependency section */

/* Begin PBXVariantGroup section */
		7AFFD0401D58D23B009E8CB2 /* Main.storyboard */ = {
			isa = PBXVariantGroup;
			children = (
				7AFFD0411D58D23B009E8CB2 /* Base */,
			);
			name = Main.storyboard;
			sourceTree = "<group>";
		};
		7AFFD0451D58D23B009E8CB2 /* LaunchScreen.storyboard */ = {
			isa = PBXVariantGroup;
			children = (
				7AFFD0461D58D23B009E8CB2 /* Base */,
			);
			name = LaunchScreen.storyboard;
			sourceTree = "<group>";
		};
/* End PBXVariantGroup section */

/* Begin XCBuildConfiguration section */
		7AFFD0541D58D23B009E8CB2 /* Debug */ = {
			isa = XCBuildConfiguration;
			buildSettings = {
				ALWAYS_SEARCH_USER_PATHS = NO;
				CLANG_ANALYZER_NONNULL = YES;
				CLANG_CXX_LANGUAGE_STANDARD = "gnu++0x";
				CLANG_CXX_LIBRARY = "libc++";
				CLANG_ENABLE_MODULES = YES;
				CLANG_ENABLE_OBJC_ARC = YES;
				CLANG_WARN_BOOL_CONVERSION = YES;
				CLANG_WARN_CONSTANT_CONVERSION = YES;
				CLANG_WARN_DIRECT_OBJC_ISA_USAGE = YES_ERROR;
				CLANG_WARN_EMPTY_BODY = YES;
				CLANG_WARN_ENUM_CONVERSION = YES;
				CLANG_WARN_INT_CONVERSION = YES;
				CLANG_WARN_OBJC_ROOT_CLASS = YES_ERROR;
				CLANG_WARN_UNREACHABLE_CODE = YES;
				CLANG_WARN__DUPLICATE_METHOD_MATCH = YES;
				"CODE_SIGN_IDENTITY[sdk=iphoneos*]" = "iPhone Developer";
				COPY_PHASE_STRIP = NO;
				DEBUG_INFORMATION_FORMAT = dwarf;
				ENABLE_STRICT_OBJC_MSGSEND = YES;
				ENABLE_TESTABILITY = YES;
				GCC_C_LANGUAGE_STANDARD = gnu99;
				GCC_DYNAMIC_NO_PIC = NO;
				GCC_NO_COMMON_BLOCKS = YES;
				GCC_OPTIMIZATION_LEVEL = 0;
				GCC_PREPROCESSOR_DEFINITIONS = (
					"DEBUG=1",
					"$(inherited)",
				);
				GCC_WARN_64_TO_32_BIT_CONVERSION = YES;
				GCC_WARN_ABOUT_RETURN_TYPE = YES_ERROR;
				GCC_WARN_UNDECLARED_SELECTOR = YES;
				GCC_WARN_UNINITIALIZED_AUTOS = YES_AGGRESSIVE;
				GCC_WARN_UNUSED_FUNCTION = YES;
				GCC_WARN_UNUSED_VARIABLE = YES;
				IPHONEOS_DEPLOYMENT_TARGET = 9.3;
				MTL_ENABLE_DEBUG_INFO = YES;
				ONLY_ACTIVE_ARCH = YES;
				SDKROOT = iphoneos;
				SWIFT_OPTIMIZATION_LEVEL = "-Onone";
			};
			name = Debug;
		};
		7AFFD0551D58D23B009E8CB2 /* Release */ = {
			isa = XCBuildConfiguration;
			buildSettings = {
				ALWAYS_SEARCH_USER_PATHS = NO;
				CLANG_ANALYZER_NONNULL = YES;
				CLANG_CXX_LANGUAGE_STANDARD = "gnu++0x";
				CLANG_CXX_LIBRARY = "libc++";
				CLANG_ENABLE_MODULES = YES;
				CLANG_ENABLE_OBJC_ARC = YES;
				CLANG_WARN_BOOL_CONVERSION = YES;
				CLANG_WARN_CONSTANT_CONVERSION = YES;
				CLANG_WARN_DIRECT_OBJC_ISA_USAGE = YES_ERROR;
				CLANG_WARN_EMPTY_BODY = YES;
				CLANG_WARN_ENUM_CONVERSION = YES;
				CLANG_WARN_INT_CONVERSION = YES;
				CLANG_WARN_OBJC_ROOT_CLASS = YES_ERROR;
				CLANG_WARN_UNREACHABLE_CODE = YES;
				CLANG_WARN__DUPLICATE_METHOD_MATCH = YES;
				"CODE_SIGN_IDENTITY[sdk=iphoneos*]" = "iPhone Developer";
				COPY_PHASE_STRIP = NO;
				DEBUG_INFORMATION_FORMAT = "dwarf-with-dsym";
				ENABLE_NS_ASSERTIONS = NO;
				ENABLE_STRICT_OBJC_MSGSEND = YES;
				GCC_C_LANGUAGE_STANDARD = gnu99;
				GCC_NO_COMMON_BLOCKS = YES;
				GCC_WARN_64_TO_32_BIT_CONVERSION = YES;
				GCC_WARN_ABOUT_RETURN_TYPE = YES_ERROR;
				GCC_WARN_UNDECLARED_SELECTOR = YES;
				GCC_WARN_UNINITIALIZED_AUTOS = YES_AGGRESSIVE;
				GCC_WARN_UNUSED_FUNCTION = YES;
				GCC_WARN_UNUSED_VARIABLE = YES;
				IPHONEOS_DEPLOYMENT_TARGET = 9.3;
				MTL_ENABLE_DEBUG_INFO = NO;
				SDKROOT = iphoneos;
				VALIDATE_PRODUCT = YES;
			};
			name = Release;
		};
		7AFFD0571D58D23B009E8CB2 /* Debug */ = {
			isa = XCBuildConfiguration;
			buildSettings = {
				ASSETCATALOG_COMPILER_APPICON_NAME = AppIcon;
				INFOPLIST_FILE = ParallaxTabView/Info.plist;
				LD_RUNPATH_SEARCH_PATHS = "$(inherited) @executable_path/Frameworks";
				PRODUCT_BUNDLE_IDENTIFIER = com.corywilhite.ParallaxTabView;
				PRODUCT_NAME = "$(TARGET_NAME)";
			};
			name = Debug;
		};
		7AFFD0581D58D23B009E8CB2 /* Release */ = {
			isa = XCBuildConfiguration;
			buildSettings = {
				ASSETCATALOG_COMPILER_APPICON_NAME = AppIcon;
				INFOPLIST_FILE = ParallaxTabView/Info.plist;
				LD_RUNPATH_SEARCH_PATHS = "$(inherited) @executable_path/Frameworks";
				PRODUCT_BUNDLE_IDENTIFIER = com.corywilhite.ParallaxTabView;
				PRODUCT_NAME = "$(TARGET_NAME)";
			};
			name = Release;
		};
		7AFFD05A1D58D23B009E8CB2 /* Debug */ = {
			isa = XCBuildConfiguration;
			buildSettings = {
				BUNDLE_LOADER = "$(TEST_HOST)";
				INFOPLIST_FILE = ParallaxTabViewTests/Info.plist;
				LD_RUNPATH_SEARCH_PATHS = "$(inherited) @executable_path/Frameworks @loader_path/Frameworks";
				PRODUCT_BUNDLE_IDENTIFIER = com.corywilhite.ParallaxTabViewTests;
				PRODUCT_NAME = "$(TARGET_NAME)";
				TEST_HOST = "$(BUILT_PRODUCTS_DIR)/ParallaxTabView.app/ParallaxTabView";
			};
			name = Debug;
		};
		7AFFD05B1D58D23B009E8CB2 /* Release */ = {
			isa = XCBuildConfiguration;
			buildSettings = {
				BUNDLE_LOADER = "$(TEST_HOST)";
				INFOPLIST_FILE = ParallaxTabViewTests/Info.plist;
				LD_RUNPATH_SEARCH_PATHS = "$(inherited) @executable_path/Frameworks @loader_path/Frameworks";
				PRODUCT_BUNDLE_IDENTIFIER = com.corywilhite.ParallaxTabViewTests;
				PRODUCT_NAME = "$(TARGET_NAME)";
				TEST_HOST = "$(BUILT_PRODUCTS_DIR)/ParallaxTabView.app/ParallaxTabView";
			};
			name = Release;
		};
/* End XCBuildConfiguration section */

/* Begin XCConfigurationList section */
		7AFFD0341D58D23B009E8CB2 /* Build configuration list for PBXProject "ParallaxTabView" */ = {
			isa = XCConfigurationList;
			buildConfigurations = (
				7AFFD0541D58D23B009E8CB2 /* Debug */,
				7AFFD0551D58D23B009E8CB2 /* Release */,
			);
			defaultConfigurationIsVisible = 0;
			defaultConfigurationName = Release;
		};
		7AFFD0561D58D23B009E8CB2 /* Build configuration list for PBXNativeTarget "ParallaxTabView" */ = {
			isa = XCConfigurationList;
			buildConfigurations = (
				7AFFD0571D58D23B009E8CB2 /* Debug */,
				7AFFD0581D58D23B009E8CB2 /* Release */,
			);
			defaultConfigurationIsVisible = 0;
			defaultConfigurationName = Release;
		};
		7AFFD0591D58D23B009E8CB2 /* Build configuration list for PBXNativeTarget "ParallaxTabViewTests" */ = {
			isa = XCConfigurationList;
			buildConfigurations = (
				7AFFD05A1D58D23B009E8CB2 /* Debug */,
				7AFFD05B1D58D23B009E8CB2 /* Release */,
			);
			defaultConfigurationIsVisible = 0;
			defaultConfigurationName = Release;
		};
/* End XCConfigurationList section */
	};
	rootObject = 7AFFD0311D58D23B009E8CB2 /* Project object */;
}
